// !$*UTF8*$!
{
	archiveVersion = 1;
	classes = {
	};
	objectVersion = 46;
	objects = {

/* Begin PBXBuildFile section */
		9BEC2526121510362D617CB3 /* Pods_CsvReadSample.framework in Frameworks */ = {isa = PBXBuildFile; fileRef = 7EA87E6724CD4D653D645174 /* Pods_CsvReadSample.framework */; };
		AFC1769D1D1FF6E100A39CDD /* AppDelegate.swift in Sources */ = {isa = PBXBuildFile; fileRef = AFC1769C1D1FF6E100A39CDD /* AppDelegate.swift */; };
		AFC176A21D1FF6E100A39CDD /* Main.storyboard in Resources */ = {isa = PBXBuildFile; fileRef = AFC176A01D1FF6E100A39CDD /* Main.storyboard */; };
		AFC176A51D1FF6E100A39CDD /* CsvReadSample.xcdatamodeld in Sources */ = {isa = PBXBuildFile; fileRef = AFC176A31D1FF6E100A39CDD /* CsvReadSample.xcdatamodeld */; };
		AFC176A71D1FF6E100A39CDD /* Assets.xcassets in Resources */ = {isa = PBXBuildFile; fileRef = AFC176A61D1FF6E100A39CDD /* Assets.xcassets */; };
		AFC176AA1D1FF6E100A39CDD /* LaunchScreen.storyboard in Resources */ = {isa = PBXBuildFile; fileRef = AFC176A81D1FF6E100A39CDD /* LaunchScreen.storyboard */; };
		AFC176B21D1FF74300A39CDD /* MainTableVC.swift in Sources */ = {isa = PBXBuildFile; fileRef = AFC176B11D1FF74300A39CDD /* MainTableVC.swift */; };
		AFC176B61D1FFDBE00A39CDD /* newCities.csv in Resources */ = {isa = PBXBuildFile; fileRef = AFC176B51D1FFDBE00A39CDD /* newCities.csv */; };
		AFC176B81D20052A00A39CDD /* Extension.swift in Sources */ = {isa = PBXBuildFile; fileRef = AFC176B71D20052A00A39CDD /* Extension.swift */; };
/* End PBXBuildFile section */

/* Begin PBXFileReference section */
		3280F88335B1B1D388986267 /* Pods-CsvReadSample.debug.xcconfig */ = {isa = PBXFileReference; includeInIndex = 1; lastKnownFileType = text.xcconfig; name = "Pods-CsvReadSample.debug.xcconfig"; path = "Pods/Target Support Files/Pods-CsvReadSample/Pods-CsvReadSample.debug.xcconfig"; sourceTree = "<group>"; };
		7EA87E6724CD4D653D645174 /* Pods_CsvReadSample.framework */ = {isa = PBXFileReference; explicitFileType = wrapper.framework; includeInIndex = 0; path = Pods_CsvReadSample.framework; sourceTree = BUILT_PRODUCTS_DIR; };
		AFC176991D1FF6E100A39CDD /* CsvReadSample.app */ = {isa = PBXFileReference; explicitFileType = wrapper.application; includeInIndex = 0; path = CsvReadSample.app; sourceTree = BUILT_PRODUCTS_DIR; };
		AFC1769C1D1FF6E100A39CDD /* AppDelegate.swift */ = {isa = PBXFileReference; lastKnownFileType = sourcecode.swift; path = AppDelegate.swift; sourceTree = "<group>"; };
		AFC176A11D1FF6E100A39CDD /* Base */ = {isa = PBXFileReference; lastKnownFileType = file.storyboard; name = Base; path = Base.lproj/Main.storyboard; sourceTree = "<group>"; };
		AFC176A41D1FF6E100A39CDD /* CsvReadSample.xcdatamodel */ = {isa = PBXFileReference; lastKnownFileType = wrapper.xcdatamodel; path = CsvReadSample.xcdatamodel; sourceTree = "<group>"; };
		AFC176A61D1FF6E100A39CDD /* Assets.xcassets */ = {isa = PBXFileReference; lastKnownFileType = folder.assetcatalog; path = Assets.xcassets; sourceTree = "<group>"; };
		AFC176A91D1FF6E100A39CDD /* Base */ = {isa = PBXFileReference; lastKnownFileType = file.storyboard; name = Base; path = Base.lproj/LaunchScreen.storyboard; sourceTree = "<group>"; };
		AFC176AB1D1FF6E100A39CDD /* Info.plist */ = {isa = PBXFileReference; lastKnownFileType = text.plist.xml; path = Info.plist; sourceTree = "<group>"; };
		AFC176B11D1FF74300A39CDD /* MainTableVC.swift */ = {isa = PBXFileReference; fileEncoding = 4; lastKnownFileType = sourcecode.swift; path = MainTableVC.swift; sourceTree = "<group>"; };
		AFC176B51D1FFDBE00A39CDD /* newCities.csv */ = {isa = PBXFileReference; fileEncoding = 4; lastKnownFileType = text; path = newCities.csv; sourceTree = "<group>"; };
		AFC176B71D20052A00A39CDD /* Extension.swift */ = {isa = PBXFileReference; fileEncoding = 4; lastKnownFileType = sourcecode.swift; path = Extension.swift; sourceTree = "<group>"; };
		F6E434B3BB6827F923CC7D30 /* Pods-CsvReadSample.release.xcconfig */ = {isa = PBXFileReference; includeInIndex = 1; lastKnownFileType = text.xcconfig; name = "Pods-CsvReadSample.release.xcconfig"; path = "Pods/Target Support Files/Pods-CsvReadSample/Pods-CsvReadSample.release.xcconfig"; sourceTree = "<group>"; };
/* End PBXFileReference section */

/* Begin PBXFrameworksBuildPhase section */
		AFC176961D1FF6E100A39CDD /* Frameworks */ = {
			isa = PBXFrameworksBuildPhase;
			buildActionMask = 2147483647;
			files = (
				9BEC2526121510362D617CB3 /* Pods_CsvReadSample.framework in Frameworks */,
			);
			runOnlyForDeploymentPostprocessing = 0;
		};
/* End PBXFrameworksBuildPhase section */

/* Begin PBXGroup section */
		0ECCAEC834FBF4EDE8C8CD6E /* Pods */ = {
			isa = PBXGroup;
			children = (
				3280F88335B1B1D388986267 /* Pods-CsvReadSample.debug.xcconfig */,
				F6E434B3BB6827F923CC7D30 /* Pods-CsvReadSample.release.xcconfig */,
			);
			name = Pods;
			sourceTree = "<group>";
		};
		AFC176901D1FF6E100A39CDD = {
			isa = PBXGroup;
			children = (
				AFC1769B1D1FF6E100A39CDD /* CsvReadSample */,
				AFC1769A1D1FF6E100A39CDD /* Products */,
				0ECCAEC834FBF4EDE8C8CD6E /* Pods */,
				B519A174CAE946227C692168 /* Frameworks */,
			);
			sourceTree = "<group>";
		};
		AFC1769A1D1FF6E100A39CDD /* Products */ = {
			isa = PBXGroup;
			children = (
				AFC176991D1FF6E100A39CDD /* CsvReadSample.app */,
			);
			name = Products;
			sourceTree = "<group>";
		};
		AFC1769B1D1FF6E100A39CDD /* CsvReadSample */ = {
			isa = PBXGroup;
			children = (
				AFC176B51D1FFDBE00A39CDD /* newCities.csv */,
				AFC176B71D20052A00A39CDD /* Extension.swift */,
				AFC1769C1D1FF6E100A39CDD /* AppDelegate.swift */,
				AFC176A01D1FF6E100A39CDD /* Main.storyboard */,
				AFC176B11D1FF74300A39CDD /* MainTableVC.swift */,
				AFC176A61D1FF6E100A39CDD /* Assets.xcassets */,
				AFC176A81D1FF6E100A39CDD /* LaunchScreen.storyboard */,
				AFC176AB1D1FF6E100A39CDD /* Info.plist */,
				AFC176A31D1FF6E100A39CDD /* CsvReadSample.xcdatamodeld */,
			);
			path = CsvReadSample;
			sourceTree = "<group>";
		};
		B519A174CAE946227C692168 /* Frameworks */ = {
			isa = PBXGroup;
			children = (
				7EA87E6724CD4D653D645174 /* Pods_CsvReadSample.framework */,
			);
			name = Frameworks;
			sourceTree = "<group>";
		};
/* End PBXGroup section */

/* Begin PBXNativeTarget section */
		AFC176981D1FF6E100A39CDD /* CsvReadSample */ = {
			isa = PBXNativeTarget;
			buildConfigurationList = AFC176AE1D1FF6E100A39CDD /* Build configuration list for PBXNativeTarget "CsvReadSample" */;
			buildPhases = (
				9E3D176DDA71D2DC4D5EE57B /* [CP] Check Pods Manifest.lock */,
				AFC176951D1FF6E100A39CDD /* Sources */,
				AFC176961D1FF6E100A39CDD /* Frameworks */,
				AFC176971D1FF6E100A39CDD /* Resources */,
				CBB0CD25DEEB71C9A7030105 /* [CP] Embed Pods Frameworks */,
				59EDA2AD43E7392CC8E2E904 /* [CP] Copy Pods Resources */,
			);
			buildRules = (
			);
			dependencies = (
			);
			name = CsvReadSample;
			productName = CsvReadSample;
			productReference = AFC176991D1FF6E100A39CDD /* CsvReadSample.app */;
			productType = "com.apple.product-type.application";
		};
/* End PBXNativeTarget section */

/* Begin PBXProject section */
		AFC176911D1FF6E100A39CDD /* Project object */ = {
			isa = PBXProject;
			attributes = {
				LastSwiftUpdateCheck = 0730;
				LastUpgradeCheck = 0730;
				ORGANIZATIONNAME = Master;
				TargetAttributes = {
					AFC176981D1FF6E100A39CDD = {
						CreatedOnToolsVersion = 7.3.1;
					};
				};
			};
			buildConfigurationList = AFC176941D1FF6E100A39CDD /* Build configuration list for PBXProject "CsvReadSample" */;
			compatibilityVersion = "Xcode 3.2";
			developmentRegion = English;
			hasScannedForEncodings = 0;
			knownRegions = (
				en,
				Base,
			);
			mainGroup = AFC176901D1FF6E100A39CDD;
			productRefGroup = AFC1769A1D1FF6E100A39CDD /* Products */;
			projectDirPath = "";
			projectRoot = "";
			targets = (
				AFC176981D1FF6E100A39CDD /* CsvReadSample */,
			);
		};
/* End PBXProject section */

/* Begin PBXResourcesBuildPhase section */
		AFC176971D1FF6E100A39CDD /* Resources */ = {
			isa = PBXResourcesBuildPhase;
			buildActionMask = 2147483647;
			files = (
				AFC176AA1D1FF6E100A39CDD /* LaunchScreen.storyboard in Resources */,
				AFC176A71D1FF6E100A39CDD /* Assets.xcassets in Resources */,
				AFC176B61D1FFDBE00A39CDD /* newCities.csv in Resources */,
				AFC176A21D1FF6E100A39CDD /* Main.storyboard in Resources */,
			);
			runOnlyForDeploymentPostprocessing = 0;
		};
/* End PBXResourcesBuildPhase section */

/* Begin PBXShellScriptBuildPhase section */
		59EDA2AD43E7392CC8E2E904 /* [CP] Copy Pods Resources */ = {
			isa = PBXShellScriptBuildPhase;
			buildActionMask = 2147483647;
			files = (
			);
			inputPaths = (
			);
			name = "[CP] Copy Pods Resources";
			outputPaths = (
			);
			runOnlyForDeploymentPostprocessing = 0;
			shellPath = /bin/sh;
			shellScript = "\"${SRCROOT}/Pods/Target Support Files/Pods-CsvReadSample/Pods-CsvReadSample-resources.sh\"\n";
			showEnvVarsInLog = 0;
		};
		9E3D176DDA71D2DC4D5EE57B /* [CP] Check Pods Manifest.lock */ = {
			isa = PBXShellScriptBuildPhase;
			buildActionMask = 2147483647;
			files = (
			);
			inputPaths = (
			);
			name = "[CP] Check Pods Manifest.lock";
			outputPaths = (
			);
			runOnlyForDeploymentPostprocessing = 0;
			shellPath = /bin/sh;
			shellScript = "diff \"${PODS_ROOT}/../Podfile.lock\" \"${PODS_ROOT}/Manifest.lock\" > /dev/null\nif [[ $? != 0 ]] ; then\n    cat << EOM\nerror: The sandbox is not in sync with the Podfile.lock. Run 'pod install' or update your CocoaPods installation.\nEOM\n    exit 1\nfi\n";
			showEnvVarsInLog = 0;
		};
		CBB0CD25DEEB71C9A7030105 /* [CP] Embed Pods Frameworks */ = {
			isa = PBXShellScriptBuildPhase;
			buildActionMask = 2147483647;
			files = (
			);
			inputPaths = (
			);
			name = "[CP] Embed Pods Frameworks";
			outputPaths = (
			);
			runOnlyForDeploymentPostprocessing = 0;
			shellPath = /bin/sh;
			shellScript = "\"${SRCROOT}/Pods/Target Support Files/Pods-CsvReadSample/Pods-CsvReadSample-frameworks.sh\"\n";
			showEnvVarsInLog = 0;
		};
/* End PBXShellScriptBuildPhase section */

/* Begin PBXSourcesBuildPhase section */
		AFC176951D1FF6E100A39CDD /* Sources */ = {
			isa = PBXSourcesBuildPhase;
			buildActionMask = 2147483647;
			files = (
				AFC176A51D1FF6E100A39CDD /* CsvReadSample.xcdatamodeld in Sources */,
				AFC176B21D1FF74300A39CDD /* MainTableVC.swift in Sources */,
				AFC1769D1D1FF6E100A39CDD /* AppDelegate.swift in Sources */,
				AFC176B81D20052A00A39CDD /* Extension.swift in Sources */,
			);
			runOnlyForDeploymentPostprocessing = 0;
		};
/* End PBXSourcesBuildPhase section */

/* Begin PBXVariantGroup section */
		AFC176A01D1FF6E100A39CDD /* Main.storyboard */ = {
			isa = PBXVariantGroup;
			children = (
				AFC176A11D1FF6E100A39CDD /* Base */,
			);
			name = Main.storyboard;
			sourceTree = "<group>";
		};
		AFC176A81D1FF6E100A39CDD /* LaunchScreen.storyboard */ = {
			isa = PBXVariantGroup;
			children = (
				AFC176A91D1FF6E100A39CDD /* Base */,
			);
			name = LaunchScreen.storyboard;
			sourceTree = "<group>";
		};
/* End PBXVariantGroup section */

/* Begin XCBuildConfiguration section */
		AFC176AC1D1FF6E100A39CDD /* Debug */ = {
			isa = XCBuildConfiguration;
			buildSettings = {
				ALWAYS_SEARCH_USER_PATHS = NO;
				CLANG_ANALYZER_NONNULL = YES;
				CLANG_CXX_LANGUAGE_STANDARD = "gnu++0x";
				CLANG_CXX_LIBRARY = "libc++";
				CLANG_ENABLE_MODULES = YES;
				CLANG_ENABLE_OBJC_ARC = YES;
				CLANG_WARN_BOOL_CONVERSION = YES;
				CLANG_WARN_CONSTANT_CONVERSION = YES;
				CLANG_WARN_DIRECT_OBJC_ISA_USAGE = YES_ERROR;
				CLANG_WARN_EMPTY_BODY = YES;
				CLANG_WARN_ENUM_CONVERSION = YES;
				CLANG_WARN_INT_CONVERSION = YES;
				CLANG_WARN_OBJC_ROOT_CLASS = YES_ERROR;
				CLANG_WARN_UNREACHABLE_CODE = YES;
				CLANG_WARN__DUPLICATE_METHOD_MATCH = YES;
				"CODE_SIGN_IDENTITY[sdk=iphoneos*]" = "iPhone Developer";
				COPY_PHASE_STRIP = NO;
				DEBUG_INFORMATION_FORMAT = dwarf;
				ENABLE_STRICT_OBJC_MSGSEND = YES;
				ENABLE_TESTABILITY = YES;
				GCC_C_LANGUAGE_STANDARD = gnu99;
				GCC_DYNAMIC_NO_PIC = NO;
				GCC_NO_COMMON_BLOCKS = YES;
				GCC_OPTIMIZATION_LEVEL = 0;
				GCC_PREPROCESSOR_DEFINITIONS = (
					"DEBUG=1",
					"$(inherited)",
				);
				GCC_WARN_64_TO_32_BIT_CONVERSION = YES;
				GCC_WARN_ABOUT_RETURN_TYPE = YES_ERROR;
				GCC_WARN_UNDECLARED_SELECTOR = YES;
				GCC_WARN_UNINITIALIZED_AUTOS = YES_AGGRESSIVE;
				GCC_WARN_UNUSED_FUNCTION = YES;
				GCC_WARN_UNUSED_VARIABLE = YES;
				IPHONEOS_DEPLOYMENT_TARGET = 9.3;
				MTL_ENABLE_DEBUG_INFO = YES;
				ONLY_ACTIVE_ARCH = YES;
				SDKROOT = iphoneos;
				SWIFT_OPTIMIZATION_LEVEL = "-Onone";
				TARGETED_DEVICE_FAMILY = "1,2";
			};
			name = Debug;
		};
		AFC176AD1D1FF6E100A39CDD /* Release */ = {
			isa = XCBuildConfiguration;
			buildSettings = {
				ALWAYS_SEARCH_USER_PATHS = NO;
				CLANG_ANALYZER_NONNULL = YES;
				CLANG_CXX_LANGUAGE_STANDARD = "gnu++0x";
				CLANG_CXX_LIBRARY = "libc++";
				CLANG_ENABLE_MODULES = YES;
				CLANG_ENABLE_OBJC_ARC = YES;
				CLANG_WARN_BOOL_CONVERSION = YES;
				CLANG_WARN_CONSTANT_CONVERSION = YES;
				CLANG_WARN_DIRECT_OBJC_ISA_USAGE = YES_ERROR;
				CLANG_WARN_EMPTY_BODY = YES;
				CLANG_WARN_ENUM_CONVERSION = YES;
				CLANG_WARN_INT_CONVERSION = YES;
				CLANG_WARN_OBJC_ROOT_CLASS = YES_ERROR;
				CLANG_WARN_UNREACHABLE_CODE = YES;
				CLANG_WARN__DUPLICATE_METHOD_MATCH = YES;
				"CODE_SIGN_IDENTITY[sdk=iphoneos*]" = "iPhone Developer";
				COPY_PHASE_STRIP = NO;
				DEBUG_INFORMATION_FORMAT = "dwarf-with-dsym";
				ENABLE_NS_ASSERTIONS = NO;
				ENABLE_STRICT_OBJC_MSGSEND = YES;
				GCC_C_LANGUAGE_STANDARD = gnu99;
				GCC_NO_COMMON_BLOCKS = YES;
				GCC_WARN_64_TO_32_BIT_CONVERSION = YES;
				GCC_WARN_ABOUT_RETURN_TYPE = YES_ERROR;
				GCC_WARN_UNDECLARED_SELECTOR = YES;
				GCC_WARN_UNINITIALIZED_AUTOS = YES_AGGRESSIVE;
				GCC_WARN_UNUSED_FUNCTION = YES;
				GCC_WARN_UNUSED_VARIABLE = YES;
				IPHONEOS_DEPLOYMENT_TARGET = 9.3;
				MTL_ENABLE_DEBUG_INFO = NO;
				SDKROOT = iphoneos;
				TARGETED_DEVICE_FAMILY = "1,2";
				VALIDATE_PRODUCT = YES;
			};
			name = Release;
		};
		AFC176AF1D1FF6E100A39CDD /* Debug */ = {
			isa = XCBuildConfiguration;
			baseConfigurationReference = 3280F88335B1B1D388986267 /* Pods-CsvReadSample.debug.xcconfig */;
			buildSettings = {
				ASSETCATALOG_COMPILER_APPICON_NAME = AppIcon;
				INFOPLIST_FILE = CsvReadSample/Info.plist;
				LD_RUNPATH_SEARCH_PATHS = "$(inherited) @executable_path/Frameworks";
				PRODUCT_BUNDLE_IDENTIFIER = com.iCloudTest.CsvReadSample;
				PRODUCT_NAME = "$(TARGET_NAME)";
			};
			name = Debug;
		};
		AFC176B01D1FF6E100A39CDD /* Release */ = {
			isa = XCBuildConfiguration;
			baseConfigurationReference = F6E434B3BB6827F923CC7D30 /* Pods-CsvReadSample.release.xcconfig */;
			buildSettings = {
				ASSETCATALOG_COMPILER_APPICON_NAME = AppIcon;
				INFOPLIST_FILE = CsvReadSample/Info.plist;
				LD_RUNPATH_SEARCH_PATHS = "$(inherited) @executable_path/Frameworks";
				PRODUCT_BUNDLE_IDENTIFIER = com.iCloudTest.CsvReadSample;
				PRODUCT_NAME = "$(TARGET_NAME)";
			};
			name = Release;
		};
/* End XCBuildConfiguration section */

/* Begin XCConfigurationList section */
		AFC176941D1FF6E100A39CDD /* Build configuration list for PBXProject "CsvReadSample" */ = {
			isa = XCConfigurationList;
			buildConfigurations = (
				AFC176AC1D1FF6E100A39CDD /* Debug */,
				AFC176AD1D1FF6E100A39CDD /* Release */,
			);
			defaultConfigurationIsVisible = 0;
			defaultConfigurationName = Release;
		};
		AFC176AE1D1FF6E100A39CDD /* Build configuration list for PBXNativeTarget "CsvReadSample" */ = {
			isa = XCConfigurationList;
			buildConfigurations = (
				AFC176AF1D1FF6E100A39CDD /* Debug */,
				AFC176B01D1FF6E100A39CDD /* Release */,
			);
			defaultConfigurationIsVisible = 0;
			defaultConfigurationName = Release;
		};
/* End XCConfigurationList section */

/* Begin XCVersionGroup section */
		AFC176A31D1FF6E100A39CDD /* CsvReadSample.xcdatamodeld */ = {
			isa = XCVersionGroup;
			children = (
				AFC176A41D1FF6E100A39CDD /* CsvReadSample.xcdatamodel */,
			);
			currentVersion = AFC176A41D1FF6E100A39CDD /* CsvReadSample.xcdatamodel */;
			path = CsvReadSample.xcdatamodeld;
			sourceTree = "<group>";
			versionGroupType = wrapper.xcdatamodel;
		};
/* End XCVersionGroup section */
	};
	rootObject = AFC176911D1FF6E100A39CDD /* Project object */;
}
